// !$*UTF8*$!
{
	archiveVersion = 1;
	classes = {
	};
	objectVersion = 55;
	objects = {

/* Begin PBXBuildFile section */
		9377117F2824867F00ED1BC1 /* itemView.swift in Sources */ = {isa = PBXBuildFile; fileRef = 9377117E2824867F00ED1BC1 /* itemView.swift */; };
		93771182282487C200ED1BC1 /* SDWebImageSwiftUI in Frameworks */ = {isa = PBXBuildFile; productRef = 93771181282487C200ED1BC1 /* SDWebImageSwiftUI */; };
		93771184282488E100ED1BC1 /* CartModel.swift in Sources */ = {isa = PBXBuildFile; fileRef = 93771183282488E100ED1BC1 /* CartModel.swift */; };
		93ACFD692823F7A300DD97C2 /* GasAppApp.swift in Sources */ = {isa = PBXBuildFile; fileRef = 93ACFD682823F7A300DD97C2 /* GasAppApp.swift */; };
		93ACFD6B2823F7A300DD97C2 /* ContentView.swift in Sources */ = {isa = PBXBuildFile; fileRef = 93ACFD6A2823F7A300DD97C2 /* ContentView.swift */; };
		93ACFD6D2823F7A900DD97C2 /* Assets.xcassets in Resources */ = {isa = PBXBuildFile; fileRef = 93ACFD6C2823F7A900DD97C2 /* Assets.xcassets */; };
		93ACFD702823F7A900DD97C2 /* Preview Assets.xcassets in Resources */ = {isa = PBXBuildFile; fileRef = 93ACFD6F2823F7A900DD97C2 /* Preview Assets.xcassets */; };
		93ACFD7A28241BBF00DD97C2 /* Inter-Regular.ttf in Resources */ = {isa = PBXBuildFile; fileRef = 93ACFD7928241BBF00DD97C2 /* Inter-Regular.ttf */; };
		93ACFD7C28241C9000DD97C2 /* Home.swift in Sources */ = {isa = PBXBuildFile; fileRef = 93ACFD7B28241C9000DD97C2 /* Home.swift */; };
		93ACFD7E28241D4700DD97C2 /* Menu.swift in Sources */ = {isa = PBXBuildFile; fileRef = 93ACFD7D28241D4700DD97C2 /* Menu.swift */; };
		93ACFD8028241D6900DD97C2 /* CartView.swift in Sources */ = {isa = PBXBuildFile; fileRef = 93ACFD7F28241D6900DD97C2 /* CartView.swift */; };
		93ACFD8228241D8500DD97C2 /* HomeModel.swift in Sources */ = {isa = PBXBuildFile; fileRef = 93ACFD8128241D8500DD97C2 /* HomeModel.swift */; };
		93ACFD8428242A5F00DD97C2 /* GoogleService-Info.plist in Resources */ = {isa = PBXBuildFile; fileRef = 93ACFD8328242A5F00DD97C2 /* GoogleService-Info.plist */; };
		93C7BD1F282476800072F947 /* item.swift in Sources */ = {isa = PBXBuildFile; fileRef = 93C7BD1E282476800072F947 /* item.swift */; };
		BE36D3A3E3CD32DDED97DF2B /* Pods_GasApp.framework in Frameworks */ = {isa = PBXBuildFile; fileRef = 96D211E3F8D981A39C7C3FEF /* Pods_GasApp.framework */; };
/* End PBXBuildFile section */

/* Begin PBXFileReference section */
		33927CB44BF329E64ADE45F5 /* Pods-GasApp.release.xcconfig */ = {isa = PBXFileReference; includeInIndex = 1; lastKnownFileType = text.xcconfig; name = "Pods-GasApp.release.xcconfig"; path = "Target Support Files/Pods-GasApp/Pods-GasApp.release.xcconfig"; sourceTree = "<group>"; };
		9377117E2824867F00ED1BC1 /* itemView.swift */ = {isa = PBXFileReference; lastKnownFileType = sourcecode.swift; path = itemView.swift; sourceTree = "<group>"; };
		93771183282488E100ED1BC1 /* CartModel.swift */ = {isa = PBXFileReference; lastKnownFileType = sourcecode.swift; path = CartModel.swift; sourceTree = "<group>"; };
		93ACFD652823F7A300DD97C2 /* GasApp.app */ = {isa = PBXFileReference; explicitFileType = wrapper.application; includeInIndex = 0; path = GasApp.app; sourceTree = BUILT_PRODUCTS_DIR; };
		93ACFD682823F7A300DD97C2 /* GasAppApp.swift */ = {isa = PBXFileReference; lastKnownFileType = sourcecode.swift; path = GasAppApp.swift; sourceTree = "<group>"; };
		93ACFD6A2823F7A300DD97C2 /* ContentView.swift */ = {isa = PBXFileReference; lastKnownFileType = sourcecode.swift; path = ContentView.swift; sourceTree = "<group>"; };
		93ACFD6C2823F7A900DD97C2 /* Assets.xcassets */ = {isa = PBXFileReference; lastKnownFileType = folder.assetcatalog; path = Assets.xcassets; sourceTree = "<group>"; };
		93ACFD6F2823F7A900DD97C2 /* Preview Assets.xcassets */ = {isa = PBXFileReference; lastKnownFileType = folder.assetcatalog; path = "Preview Assets.xcassets"; sourceTree = "<group>"; };
		93ACFD7828241B6200DD97C2 /* Info.plist */ = {isa = PBXFileReference; lastKnownFileType = text.plist; path = Info.plist; sourceTree = "<group>"; };
		93ACFD7928241BBF00DD97C2 /* Inter-Regular.ttf */ = {isa = PBXFileReference; lastKnownFileType = file; path = "Inter-Regular.ttf"; sourceTree = "<group>"; };
		93ACFD7B28241C9000DD97C2 /* Home.swift */ = {isa = PBXFileReference; lastKnownFileType = sourcecode.swift; path = Home.swift; sourceTree = "<group>"; };
		93ACFD7D28241D4700DD97C2 /* Menu.swift */ = {isa = PBXFileReference; lastKnownFileType = sourcecode.swift; path = Menu.swift; sourceTree = "<group>"; };
		93ACFD7F28241D6900DD97C2 /* CartView.swift */ = {isa = PBXFileReference; lastKnownFileType = sourcecode.swift; path = CartView.swift; sourceTree = "<group>"; };
		93ACFD8128241D8500DD97C2 /* HomeModel.swift */ = {isa = PBXFileReference; lastKnownFileType = sourcecode.swift; path = HomeModel.swift; sourceTree = "<group>"; };
		93ACFD8328242A5F00DD97C2 /* GoogleService-Info.plist */ = {isa = PBXFileReference; fileEncoding = 4; lastKnownFileType = text.plist.xml; path = "GoogleService-Info.plist"; sourceTree = "<group>"; };
		93C7BD1E282476800072F947 /* item.swift */ = {isa = PBXFileReference; lastKnownFileType = sourcecode.swift; path = item.swift; sourceTree = "<group>"; };
		96D211E3F8D981A39C7C3FEF /* Pods_GasApp.framework */ = {isa = PBXFileReference; explicitFileType = wrapper.framework; includeInIndex = 0; path = Pods_GasApp.framework; sourceTree = BUILT_PRODUCTS_DIR; };
		A013B8BBCC4C9A2248451A75 /* Pods-GasApp.debug.xcconfig */ = {isa = PBXFileReference; includeInIndex = 1; lastKnownFileType = text.xcconfig; name = "Pods-GasApp.debug.xcconfig"; path = "Target Support Files/Pods-GasApp/Pods-GasApp.debug.xcconfig"; sourceTree = "<group>"; };
/* End PBXFileReference section */

/* Begin PBXFrameworksBuildPhase section */
		93ACFD622823F7A300DD97C2 /* Frameworks */ = {
			isa = PBXFrameworksBuildPhase;
			buildActionMask = 2147483647;
			files = (
				93771182282487C200ED1BC1 /* SDWebImageSwiftUI in Frameworks */,
				BE36D3A3E3CD32DDED97DF2B /* Pods_GasApp.framework in Frameworks */,
			);
			runOnlyForDeploymentPostprocessing = 0;
		};
/* End PBXFrameworksBuildPhase section */

/* Begin PBXGroup section */
		3C513D0396FD59A1D9C98EB4 /* Pods */ = {
			isa = PBXGroup;
			children = (
				A013B8BBCC4C9A2248451A75 /* Pods-GasApp.debug.xcconfig */,
				33927CB44BF329E64ADE45F5 /* Pods-GasApp.release.xcconfig */,
			);
			path = Pods;
			sourceTree = "<group>";
		};
		93ACFD5C2823F7A300DD97C2 = {
			isa = PBXGroup;
			children = (
				93ACFD672823F7A300DD97C2 /* GasApp */,
				93ACFD662823F7A300DD97C2 /* Products */,
				3C513D0396FD59A1D9C98EB4 /* Pods */,
				D7E14C669D1C1799499AC1D3 /* Frameworks */,
			);
			sourceTree = "<group>";
		};
		93ACFD662823F7A300DD97C2 /* Products */ = {
			isa = PBXGroup;
			children = (
				93ACFD652823F7A300DD97C2 /* GasApp.app */,
			);
			name = Products;
			sourceTree = "<group>";
		};
		93ACFD672823F7A300DD97C2 /* GasApp */ = {
			isa = PBXGroup;
			children = (
				93ACFD7828241B6200DD97C2 /* Info.plist */,
				93ACFD682823F7A300DD97C2 /* GasAppApp.swift */,
				93ACFD6A2823F7A300DD97C2 /* ContentView.swift */,
				93ACFD7B28241C9000DD97C2 /* Home.swift */,
				9377117E2824867F00ED1BC1 /* itemView.swift */,
				93771183282488E100ED1BC1 /* CartModel.swift */,
				93C7BD1E282476800072F947 /* item.swift */,
				93ACFD7D28241D4700DD97C2 /* Menu.swift */,
				93ACFD7F28241D6900DD97C2 /* CartView.swift */,
				93ACFD8128241D8500DD97C2 /* HomeModel.swift */,
				93ACFD8328242A5F00DD97C2 /* GoogleService-Info.plist */,
				93ACFD7928241BBF00DD97C2 /* Inter-Regular.ttf */,
				93ACFD6C2823F7A900DD97C2 /* Assets.xcassets */,
				93ACFD6E2823F7A900DD97C2 /* Preview Content */,
			);
			path = GasApp;
			sourceTree = "<group>";
		};
		93ACFD6E2823F7A900DD97C2 /* Preview Content */ = {
			isa = PBXGroup;
			children = (
				93ACFD6F2823F7A900DD97C2 /* Preview Assets.xcassets */,
			);
			path = "Preview Content";
			sourceTree = "<group>";
		};
		D7E14C669D1C1799499AC1D3 /* Frameworks */ = {
			isa = PBXGroup;
			children = (
				96D211E3F8D981A39C7C3FEF /* Pods_GasApp.framework */,
			);
			name = Frameworks;
			sourceTree = "<group>";
		};
/* End PBXGroup section */

/* Begin PBXNativeTarget section */
		93ACFD642823F7A300DD97C2 /* GasApp */ = {
			isa = PBXNativeTarget;
			buildConfigurationList = 93ACFD732823F7A900DD97C2 /* Build configuration list for PBXNativeTarget "GasApp" */;
			buildPhases = (
				648B14B53917380D4D042933 /* [CP] Check Pods Manifest.lock */,
				93ACFD612823F7A300DD97C2 /* Sources */,
				93ACFD622823F7A300DD97C2 /* Frameworks */,
				93ACFD632823F7A300DD97C2 /* Resources */,
				0AC84E2DA1D764FD05959801 /* [CP] Embed Pods Frameworks */,
			);
			buildRules = (
			);
			dependencies = (
			);
			name = GasApp;
			packageProductDependencies = (
				93771181282487C200ED1BC1 /* SDWebImageSwiftUI */,
			);
			productName = GasApp;
			productReference = 93ACFD652823F7A300DD97C2 /* GasApp.app */;
			productType = "com.apple.product-type.application";
		};
/* End PBXNativeTarget section */

/* Begin PBXProject section */
		93ACFD5D2823F7A300DD97C2 /* Project object */ = {
			isa = PBXProject;
			attributes = {
				BuildIndependentTargetsInParallel = 1;
				LastSwiftUpdateCheck = 1330;
				LastUpgradeCheck = 1330;
				TargetAttributes = {
					93ACFD642823F7A300DD97C2 = {
						CreatedOnToolsVersion = 13.3.1;
					};
				};
			};
			buildConfigurationList = 93ACFD602823F7A300DD97C2 /* Build configuration list for PBXProject "GasApp" */;
			compatibilityVersion = "Xcode 13.0";
			developmentRegion = en;
			hasScannedForEncodings = 0;
			knownRegions = (
				en,
				Base,
			);
			mainGroup = 93ACFD5C2823F7A300DD97C2;
			packageReferences = (
				93771180282487C200ED1BC1 /* XCRemoteSwiftPackageReference "SDWebImageSwiftUI" */,
			);
			productRefGroup = 93ACFD662823F7A300DD97C2 /* Products */;
			projectDirPath = "";
			projectRoot = "";
			targets = (
				93ACFD642823F7A300DD97C2 /* GasApp */,
			);
		};
/* End PBXProject section */

/* Begin PBXResourcesBuildPhase section */
		93ACFD632823F7A300DD97C2 /* Resources */ = {
			isa = PBXResourcesBuildPhase;
			buildActionMask = 2147483647;
			files = (
				93ACFD702823F7A900DD97C2 /* Preview Assets.xcassets in Resources */,
				93ACFD8428242A5F00DD97C2 /* GoogleService-Info.plist in Resources */,
				93ACFD7A28241BBF00DD97C2 /* Inter-Regular.ttf in Resources */,
				93ACFD6D2823F7A900DD97C2 /* Assets.xcassets in Resources */,
			);
			runOnlyForDeploymentPostprocessing = 0;
		};
/* End PBXResourcesBuildPhase section */

/* Begin PBXShellScriptBuildPhase section */
		0AC84E2DA1D764FD05959801 /* [CP] Embed Pods Frameworks */ = {
			isa = PBXShellScriptBuildPhase;
			buildActionMask = 2147483647;
			files = (
			);
			inputFileListPaths = (
				"${PODS_ROOT}/Target Support Files/Pods-GasApp/Pods-GasApp-frameworks-${CONFIGURATION}-input-files.xcfilelist",
			);
			name = "[CP] Embed Pods Frameworks";
			outputFileListPaths = (
				"${PODS_ROOT}/Target Support Files/Pods-GasApp/Pods-GasApp-frameworks-${CONFIGURATION}-output-files.xcfilelist",
			);
			runOnlyForDeploymentPostprocessing = 0;
			shellPath = /bin/sh;
			shellScript = "\"${PODS_ROOT}/Target Support Files/Pods-GasApp/Pods-GasApp-frameworks.sh\"\n";
			showEnvVarsInLog = 0;
		};
		648B14B53917380D4D042933 /* [CP] Check Pods Manifest.lock */ = {
			isa = PBXShellScriptBuildPhase;
			buildActionMask = 2147483647;
			files = (
			);
			inputFileListPaths = (
			);
			inputPaths = (
				"${PODS_PODFILE_DIR_PATH}/Podfile.lock",
				"${PODS_ROOT}/Manifest.lock",
			);
			name = "[CP] Check Pods Manifest.lock";
			outputFileListPaths = (
			);
			outputPaths = (
				"$(DERIVED_FILE_DIR)/Pods-GasApp-checkManifestLockResult.txt",
			);
			runOnlyForDeploymentPostprocessing = 0;
			shellPath = /bin/sh;
			shellScript = "diff \"${PODS_PODFILE_DIR_PATH}/Podfile.lock\" \"${PODS_ROOT}/Manifest.lock\" > /dev/null\nif [ $? != 0 ] ; then\n    # print error to STDERR\n    echo \"error: The sandbox is not in sync with the Podfile.lock. Run 'pod install' or update your CocoaPods installation.\" >&2\n    exit 1\nfi\n# This output is used by Xcode 'outputs' to avoid re-running this script phase.\necho \"SUCCESS\" > \"${SCRIPT_OUTPUT_FILE_0}\"\n";
			showEnvVarsInLog = 0;
		};
/* End PBXShellScriptBuildPhase section */

/* Begin PBXSourcesBuildPhase section */
		93ACFD612823F7A300DD97C2 /* Sources */ = {
			isa = PBXSourcesBuildPhase;
			buildActionMask = 2147483647;
			files = (
				93771184282488E100ED1BC1 /* CartModel.swift in Sources */,
				93ACFD8028241D6900DD97C2 /* CartView.swift in Sources */,
				93ACFD6B2823F7A300DD97C2 /* ContentView.swift in Sources */,
				93C7BD1F282476800072F947 /* item.swift in Sources */,
				9377117F2824867F00ED1BC1 /* itemView.swift in Sources */,
				93ACFD8228241D8500DD97C2 /* HomeModel.swift in Sources */,
				93ACFD7C28241C9000DD97C2 /* Home.swift in Sources */,
				93ACFD7E28241D4700DD97C2 /* Menu.swift in Sources */,
				93ACFD692823F7A300DD97C2 /* GasAppApp.swift in Sources */,
			);
			runOnlyForDeploymentPostprocessing = 0;
		};
/* End PBXSourcesBuildPhase section */

/* Begin XCBuildConfiguration section */
		93ACFD712823F7A900DD97C2 /* Debug */ = {
			isa = XCBuildConfiguration;
			buildSettings = {
				ALWAYS_SEARCH_USER_PATHS = NO;
				CLANG_ANALYZER_NONNULL = YES;
				CLANG_ANALYZER_NUMBER_OBJECT_CONVERSION = YES_AGGRESSIVE;
				CLANG_CXX_LANGUAGE_STANDARD = "gnu++17";
				CLANG_ENABLE_MODULES = YES;
				CLANG_ENABLE_OBJC_ARC = YES;
				CLANG_ENABLE_OBJC_WEAK = YES;
				CLANG_WARN_BLOCK_CAPTURE_AUTORELEASING = YES;
				CLANG_WARN_BOOL_CONVERSION = YES;
				CLANG_WARN_COMMA = YES;
				CLANG_WARN_CONSTANT_CONVERSION = YES;
				CLANG_WARN_DEPRECATED_OBJC_IMPLEMENTATIONS = YES;
				CLANG_WARN_DIRECT_OBJC_ISA_USAGE = YES_ERROR;
				CLANG_WARN_DOCUMENTATION_COMMENTS = YES;
				CLANG_WARN_EMPTY_BODY = YES;
				CLANG_WARN_ENUM_CONVERSION = YES;
				CLANG_WARN_INFINITE_RECURSION = YES;
				CLANG_WARN_INT_CONVERSION = YES;
				CLANG_WARN_NON_LITERAL_NULL_CONVERSION = YES;
				CLANG_WARN_OBJC_IMPLICIT_RETAIN_SELF = YES;
				CLANG_WARN_OBJC_LITERAL_CONVERSION = YES;
				CLANG_WARN_OBJC_ROOT_CLASS = YES_ERROR;
				CLANG_WARN_QUOTED_INCLUDE_IN_FRAMEWORK_HEADER = YES;
				CLANG_WARN_RANGE_LOOP_ANALYSIS = YES;
				CLANG_WARN_STRICT_PROTOTYPES = YES;
				CLANG_WARN_SUSPICIOUS_MOVE = YES;
				CLANG_WARN_UNGUARDED_AVAILABILITY = YES_AGGRESSIVE;
				CLANG_WARN_UNREACHABLE_CODE = YES;
				CLANG_WARN__DUPLICATE_METHOD_MATCH = YES;
				COPY_PHASE_STRIP = NO;
				DEBUG_INFORMATION_FORMAT = dwarf;
				ENABLE_STRICT_OBJC_MSGSEND = YES;
				ENABLE_TESTABILITY = YES;
				GCC_C_LANGUAGE_STANDARD = gnu11;
				GCC_DYNAMIC_NO_PIC = NO;
				GCC_NO_COMMON_BLOCKS = YES;
				GCC_OPTIMIZATION_LEVEL = 0;
				GCC_PREPROCESSOR_DEFINITIONS = (
					"DEBUG=1",
					"$(inherited)",
				);
				GCC_WARN_64_TO_32_BIT_CONVERSION = YES;
				GCC_WARN_ABOUT_RETURN_TYPE = YES_ERROR;
				GCC_WARN_UNDECLARED_SELECTOR = YES;
				GCC_WARN_UNINITIALIZED_AUTOS = YES_AGGRESSIVE;
				GCC_WARN_UNUSED_FUNCTION = YES;
				GCC_WARN_UNUSED_VARIABLE = YES;
				IPHONEOS_DEPLOYMENT_TARGET = 15.4;
				MTL_ENABLE_DEBUG_INFO = INCLUDE_SOURCE;
				MTL_FAST_MATH = YES;
				ONLY_ACTIVE_ARCH = YES;
				SDKROOT = iphoneos;
				SWIFT_ACTIVE_COMPILATION_CONDITIONS = DEBUG;
				SWIFT_OPTIMIZATION_LEVEL = "-Onone";
			};
			name = Debug;
		};
		93ACFD722823F7A900DD97C2 /* Release */ = {
			isa = XCBuildConfiguration;
			buildSettings = {
				ALWAYS_SEARCH_USER_PATHS = NO;
				CLANG_ANALYZER_NONNULL = YES;
				CLANG_ANALYZER_NUMBER_OBJECT_CONVERSION = YES_AGGRESSIVE;
				CLANG_CXX_LANGUAGE_STANDARD = "gnu++17";
				CLANG_ENABLE_MODULES = YES;
				CLANG_ENABLE_OBJC_ARC = YES;
				CLANG_ENABLE_OBJC_WEAK = YES;
				CLANG_WARN_BLOCK_CAPTURE_AUTORELEASING = YES;
				CLANG_WARN_BOOL_CONVERSION = YES;
				CLANG_WARN_COMMA = YES;
				CLANG_WARN_CONSTANT_CONVERSION = YES;
				CLANG_WARN_DEPRECATED_OBJC_IMPLEMENTATIONS = YES;
				CLANG_WARN_DIRECT_OBJC_ISA_USAGE = YES_ERROR;
				CLANG_WARN_DOCUMENTATION_COMMENTS = YES;
				CLANG_WARN_EMPTY_BODY = YES;
				CLANG_WARN_ENUM_CONVERSION = YES;
				CLANG_WARN_INFINITE_RECURSION = YES;
				CLANG_WARN_INT_CONVERSION = YES;
				CLANG_WARN_NON_LITERAL_NULL_CONVERSION = YES;
				CLANG_WARN_OBJC_IMPLICIT_RETAIN_SELF = YES;
				CLANG_WARN_OBJC_LITERAL_CONVERSION = YES;
				CLANG_WARN_OBJC_ROOT_CLASS = YES_ERROR;
				CLANG_WARN_QUOTED_INCLUDE_IN_FRAMEWORK_HEADER = YES;
				CLANG_WARN_RANGE_LOOP_ANALYSIS = YES;
				CLANG_WARN_STRICT_PROTOTYPES = YES;
				CLANG_WARN_SUSPICIOUS_MOVE = YES;
				CLANG_WARN_UNGUARDED_AVAILABILITY = YES_AGGRESSIVE;
				CLANG_WARN_UNREACHABLE_CODE = YES;
				CLANG_WARN__DUPLICATE_METHOD_MATCH = YES;
				COPY_PHASE_STRIP = NO;
				DEBUG_INFORMATION_FORMAT = "dwarf-with-dsym";
				ENABLE_NS_ASSERTIONS = NO;
				ENABLE_STRICT_OBJC_MSGSEND = YES;
				GCC_C_LANGUAGE_STANDARD = gnu11;
				GCC_NO_COMMON_BLOCKS = YES;
				GCC_WARN_64_TO_32_BIT_CONVERSION = YES;
				GCC_WARN_ABOUT_RETURN_TYPE = YES_ERROR;
				GCC_WARN_UNDECLARED_SELECTOR = YES;
				GCC_WARN_UNINITIALIZED_AUTOS = YES_AGGRESSIVE;
				GCC_WARN_UNUSED_FUNCTION = YES;
				GCC_WARN_UNUSED_VARIABLE = YES;
				IPHONEOS_DEPLOYMENT_TARGET = 15.4;
				MTL_ENABLE_DEBUG_INFO = NO;
				MTL_FAST_MATH = YES;
				SDKROOT = iphoneos;
				SWIFT_COMPILATION_MODE = wholemodule;
				SWIFT_OPTIMIZATION_LEVEL = "-O";
				VALIDATE_PRODUCT = YES;
			};
			name = Release;
		};
		93ACFD742823F7A900DD97C2 /* Debug */ = {
			isa = XCBuildConfiguration;
			baseConfigurationReference = A013B8BBCC4C9A2248451A75 /* Pods-GasApp.debug.xcconfig */;
			buildSettings = {
				ASSETCATALOG_COMPILER_APPICON_NAME = AppIcon;
				ASSETCATALOG_COMPILER_GLOBAL_ACCENT_COLOR_NAME = AccentColor;
				CODE_SIGN_STYLE = Automatic;
				CURRENT_PROJECT_VERSION = 1;
				DEVELOPMENT_ASSET_PATHS = "\"GasApp/Preview Content\"";
				ENABLE_PREVIEWS = YES;
				GENERATE_INFOPLIST_FILE = YES;
				INFOPLIST_FILE = GasApp/Info.plist;
				INFOPLIST_KEY_UIApplicationSceneManifest_Generation = YES;
				INFOPLIST_KEY_UIApplicationSupportsIndirectInputEvents = YES;
				INFOPLIST_KEY_UILaunchScreen_Generation = YES;
				INFOPLIST_KEY_UISupportedInterfaceOrientations_iPad = "UIInterfaceOrientationPortrait UIInterfaceOrientationPortraitUpsideDown UIInterfaceOrientationLandscapeLeft UIInterfaceOrientationLandscapeRight";
				INFOPLIST_KEY_UISupportedInterfaceOrientations_iPhone = "UIInterfaceOrientationPortrait UIInterfaceOrientationLandscapeLeft UIInterfaceOrientationLandscapeRight";
				LD_RUNPATH_SEARCH_PATHS = (
					"$(inherited)",
					"@executable_path/Frameworks",
				);
				MARKETING_VERSION = 1.0;
				PRODUCT_BUNDLE_IDENTIFIER = com.saran.GasApp;
				PRODUCT_NAME = "$(TARGET_NAME)";
				SWIFT_EMIT_LOC_STRINGS = YES;
				SWIFT_VERSION = 5.0;
				TARGETED_DEVICE_FAMILY = "1,2";
			};
			name = Debug;
		};
		93ACFD752823F7A900DD97C2 /* Release */ = {
			isa = XCBuildConfiguration;
			baseConfigurationReference = 33927CB44BF329E64ADE45F5 /* Pods-GasApp.release.xcconfig */;
			buildSettings = {
				ASSETCATALOG_COMPILER_APPICON_NAME = AppIcon;
				ASSETCATALOG_COMPILER_GLOBAL_ACCENT_COLOR_NAME = AccentColor;
				CODE_SIGN_STYLE = Automatic;
				CURRENT_PROJECT_VERSION = 1;
				DEVELOPMENT_ASSET_PATHS = "\"GasApp/Preview Content\"";
				ENABLE_PREVIEWS = YES;
				GENERATE_INFOPLIST_FILE = YES;
				INFOPLIST_FILE = GasApp/Info.plist;
				INFOPLIST_KEY_UIApplicationSceneManifest_Generation = YES;
				INFOPLIST_KEY_UIApplicationSupportsIndirectInputEvents = YES;
				INFOPLIST_KEY_UILaunchScreen_Generation = YES;
				INFOPLIST_KEY_UISupportedInterfaceOrientations_iPad = "UIInterfaceOrientationPortrait UIInterfaceOrientationPortraitUpsideDown UIInterfaceOrientationLandscapeLeft UIInterfaceOrientationLandscapeRight";
				INFOPLIST_KEY_UISupportedInterfaceOrientations_iPhone = "UIInterfaceOrientationPortrait UIInterfaceOrientationLandscapeLeft UIInterfaceOrientationLandscapeRight";
				LD_RUNPATH_SEARCH_PATHS = (
					"$(inherited)",
					"@executable_path/Frameworks",
				);
				MARKETING_VERSION = 1.0;
				PRODUCT_BUNDLE_IDENTIFIER = com.saran.GasApp;
				PRODUCT_NAME = "$(TARGET_NAME)";
				SWIFT_EMIT_LOC_STRINGS = YES;
				SWIFT_VERSION = 5.0;
				TARGETED_DEVICE_FAMILY = "1,2";
			};
			name = Release;
		};
/* End XCBuildConfiguration section */

/* Begin XCConfigurationList section */
		93ACFD602823F7A300DD97C2 /* Build configuration list for PBXProject "GasApp" */ = {
			isa = XCConfigurationList;
			buildConfigurations = (
				93ACFD712823F7A900DD97C2 /* Debug */,
				93ACFD722823F7A900DD97C2 /* Release */,
			);
			defaultConfigurationIsVisible = 0;
			defaultConfigurationName = Release;
		};
		93ACFD732823F7A900DD97C2 /* Build configuration list for PBXNativeTarget "GasApp" */ = {
			isa = XCConfigurationList;
			buildConfigurations = (
				93ACFD742823F7A900DD97C2 /* Debug */,
				93ACFD752823F7A900DD97C2 /* Release */,
			);
			defaultConfigurationIsVisible = 0;
			defaultConfigurationName = Release;
		};
/* End XCConfigurationList section */

/* Begin XCRemoteSwiftPackageReference section */
		93771180282487C200ED1BC1 /* XCRemoteSwiftPackageReference "SDWebImageSwiftUI" */ = {
			isa = XCRemoteSwiftPackageReference;
			repositoryURL = "https://github.com/SDWebImage/SDWebImageSwiftUI";
			requirement = {
				kind = upToNextMajorVersion;
				minimumVersion = 2.0.0;
			};
		};
/* End XCRemoteSwiftPackageReference section */

/* Begin XCSwiftPackageProductDependency section */
		93771181282487C200ED1BC1 /* SDWebImageSwiftUI */ = {
			isa = XCSwiftPackageProductDependency;
			package = 93771180282487C200ED1BC1 /* XCRemoteSwiftPackageReference "SDWebImageSwiftUI" */;
			productName = SDWebImageSwiftUI;
		};
/* End XCSwiftPackageProductDependency section */
	};
	rootObject = 93ACFD5D2823F7A300DD97C2 /* Project object */;
}
